// !$*UTF8*$!
{
	archiveVersion = 1;
	classes = {
	};
	objectVersion = 50;
	objects = {

/* Begin PBXBuildFile section */
		6943983F21F56B9100C92FA2 /* AppDelegate.swift in Sources */ = {isa = PBXBuildFile; fileRef = 6943983E21F56B9100C92FA2 /* AppDelegate.swift */; };
		6943984121F56B9100C92FA2 /* ViewController.swift in Sources */ = {isa = PBXBuildFile; fileRef = 6943984021F56B9100C92FA2 /* ViewController.swift */; };
		6943984421F56B9100C92FA2 /* Main.storyboard in Resources */ = {isa = PBXBuildFile; fileRef = 6943984221F56B9100C92FA2 /* Main.storyboard */; };
		6943984621F56B9200C92FA2 /* Assets.xcassets in Resources */ = {isa = PBXBuildFile; fileRef = 6943984521F56B9200C92FA2 /* Assets.xcassets */; };
		6943984921F56B9200C92FA2 /* LaunchScreen.storyboard in Resources */ = {isa = PBXBuildFile; fileRef = 6943984721F56B9200C92FA2 /* LaunchScreen.storyboard */; };
		6943985421F56B9200C92FA2 /* AudioPlayerTests.swift in Sources */ = {isa = PBXBuildFile; fileRef = 6943985321F56B9200C92FA2 /* AudioPlayerTests.swift */; };
		6943985F21F56B9200C92FA2 /* AudioPlayerUITests.swift in Sources */ = {isa = PBXBuildFile; fileRef = 6943985E21F56B9200C92FA2 /* AudioPlayerUITests.swift */; };
/* End PBXBuildFile section */

/* Begin PBXContainerItemProxy section */
		6943985021F56B9200C92FA2 /* PBXContainerItemProxy */ = {
			isa = PBXContainerItemProxy;
			containerPortal = 6943983321F56B9100C92FA2 /* Project object */;
			proxyType = 1;
			remoteGlobalIDString = 6943983A21F56B9100C92FA2;
			remoteInfo = AudioPlayer;
		};
		6943985B21F56B9200C92FA2 /* PBXContainerItemProxy */ = {
			isa = PBXContainerItemProxy;
			containerPortal = 6943983321F56B9100C92FA2 /* Project object */;
			proxyType = 1;
			remoteGlobalIDString = 6943983A21F56B9100C92FA2;
			remoteInfo = AudioPlayer;
		};
/* End PBXContainerItemProxy section */

/* Begin PBXFileReference section */
		6943983B21F56B9100C92FA2 /* AudioPlayer.app */ = {isa = PBXFileReference; explicitFileType = wrapper.application; includeInIndex = 0; path = AudioPlayer.app; sourceTree = BUILT_PRODUCTS_DIR; };
		6943983E21F56B9100C92FA2 /* AppDelegate.swift */ = {isa = PBXFileReference; lastKnownFileType = sourcecode.swift; path = AppDelegate.swift; sourceTree = "<group>"; };
		6943984021F56B9100C92FA2 /* ViewController.swift */ = {isa = PBXFileReference; lastKnownFileType = sourcecode.swift; path = ViewController.swift; sourceTree = "<group>"; };
		6943984321F56B9100C92FA2 /* Base */ = {isa = PBXFileReference; lastKnownFileType = file.storyboard; name = Base; path = Base.lproj/Main.storyboard; sourceTree = "<group>"; };
		6943984521F56B9200C92FA2 /* Assets.xcassets */ = {isa = PBXFileReference; lastKnownFileType = folder.assetcatalog; path = Assets.xcassets; sourceTree = "<group>"; };
		6943984821F56B9200C92FA2 /* Base */ = {isa = PBXFileReference; lastKnownFileType = file.storyboard; name = Base; path = Base.lproj/LaunchScreen.storyboard; sourceTree = "<group>"; };
		6943984A21F56B9200C92FA2 /* Info.plist */ = {isa = PBXFileReference; lastKnownFileType = text.plist.xml; path = Info.plist; sourceTree = "<group>"; };
		6943984F21F56B9200C92FA2 /* AudioPlayerTests.xctest */ = {isa = PBXFileReference; explicitFileType = wrapper.cfbundle; includeInIndex = 0; path = AudioPlayerTests.xctest; sourceTree = BUILT_PRODUCTS_DIR; };
		6943985321F56B9200C92FA2 /* AudioPlayerTests.swift */ = {isa = PBXFileReference; lastKnownFileType = sourcecode.swift; path = AudioPlayerTests.swift; sourceTree = "<group>"; };
		6943985521F56B9200C92FA2 /* Info.plist */ = {isa = PBXFileReference; lastKnownFileType = text.plist.xml; path = Info.plist; sourceTree = "<group>"; };
		6943985A21F56B9200C92FA2 /* AudioPlayerUITests.xctest */ = {isa = PBXFileReference; explicitFileType = wrapper.cfbundle; includeInIndex = 0; path = AudioPlayerUITests.xctest; sourceTree = BUILT_PRODUCTS_DIR; };
		6943985E21F56B9200C92FA2 /* AudioPlayerUITests.swift */ = {isa = PBXFileReference; lastKnownFileType = sourcecode.swift; path = AudioPlayerUITests.swift; sourceTree = "<group>"; };
		6943986021F56B9200C92FA2 /* Info.plist */ = {isa = PBXFileReference; lastKnownFileType = text.plist.xml; path = Info.plist; sourceTree = "<group>"; };
/* End PBXFileReference section */

/* Begin PBXFrameworksBuildPhase section */
		6943983821F56B9100C92FA2 /* Frameworks */ = {
			isa = PBXFrameworksBuildPhase;
			buildActionMask = 2147483647;
			files = (
			);
			runOnlyForDeploymentPostprocessing = 0;
		};
		6943984C21F56B9200C92FA2 /* Frameworks */ = {
			isa = PBXFrameworksBuildPhase;
			buildActionMask = 2147483647;
			files = (
			);
			runOnlyForDeploymentPostprocessing = 0;
		};
		6943985721F56B9200C92FA2 /* Frameworks */ = {
			isa = PBXFrameworksBuildPhase;
			buildActionMask = 2147483647;
			files = (
			);
			runOnlyForDeploymentPostprocessing = 0;
		};
/* End PBXFrameworksBuildPhase section */

/* Begin PBXGroup section */
		6943983221F56B9100C92FA2 = {
			isa = PBXGroup;
			children = (
				6943983D21F56B9100C92FA2 /* AudioPlayer */,
				6943985221F56B9200C92FA2 /* AudioPlayerTests */,
				6943985D21F56B9200C92FA2 /* AudioPlayerUITests */,
				6943983C21F56B9100C92FA2 /* Products */,
			);
			sourceTree = "<group>";
		};
		6943983C21F56B9100C92FA2 /* Products */ = {
			isa = PBXGroup;
			children = (
				6943983B21F56B9100C92FA2 /* AudioPlayer.app */,
				6943984F21F56B9200C92FA2 /* AudioPlayerTests.xctest */,
				6943985A21F56B9200C92FA2 /* AudioPlayerUITests.xctest */,
			);
			name = Products;
			sourceTree = "<group>";
		};
		6943983D21F56B9100C92FA2 /* AudioPlayer */ = {
			isa = PBXGroup;
			children = (
				6943983E21F56B9100C92FA2 /* AppDelegate.swift */,
				6943984021F56B9100C92FA2 /* ViewController.swift */,
				6943984221F56B9100C92FA2 /* Main.storyboard */,
				6943984521F56B9200C92FA2 /* Assets.xcassets */,
				6943984721F56B9200C92FA2 /* LaunchScreen.storyboard */,
				6943984A21F56B9200C92FA2 /* Info.plist */,
			);
			path = AudioPlayer;
			sourceTree = "<group>";
		};
		6943985221F56B9200C92FA2 /* AudioPlayerTests */ = {
			isa = PBXGroup;
			children = (
				6943985321F56B9200C92FA2 /* AudioPlayerTests.swift */,
				6943985521F56B9200C92FA2 /* Info.plist */,
			);
			path = AudioPlayerTests;
			sourceTree = "<group>";
		};
		6943985D21F56B9200C92FA2 /* AudioPlayerUITests */ = {
			isa = PBXGroup;
			children = (
				6943985E21F56B9200C92FA2 /* AudioPlayerUITests.swift */,
				6943986021F56B9200C92FA2 /* Info.plist */,
			);
			path = AudioPlayerUITests;
			sourceTree = "<group>";
		};
/* End PBXGroup section */

/* Begin PBXNativeTarget section */
		6943983A21F56B9100C92FA2 /* AudioPlayer */ = {
			isa = PBXNativeTarget;
			buildConfigurationList = 6943986321F56B9200C92FA2 /* Build configuration list for PBXNativeTarget "AudioPlayer" */;
			buildPhases = (
				6943983721F56B9100C92FA2 /* Sources */,
				6943983821F56B9100C92FA2 /* Frameworks */,
				6943983921F56B9100C92FA2 /* Resources */,
			);
			buildRules = (
			);
			dependencies = (
			);
			name = AudioPlayer;
			productName = AudioPlayer;
			productReference = 6943983B21F56B9100C92FA2 /* AudioPlayer.app */;
			productType = "com.apple.product-type.application";
		};
		6943984E21F56B9200C92FA2 /* AudioPlayerTests */ = {
			isa = PBXNativeTarget;
			buildConfigurationList = 6943986621F56B9200C92FA2 /* Build configuration list for PBXNativeTarget "AudioPlayerTests" */;
			buildPhases = (
				6943984B21F56B9200C92FA2 /* Sources */,
				6943984C21F56B9200C92FA2 /* Frameworks */,
				6943984D21F56B9200C92FA2 /* Resources */,
			);
			buildRules = (
			);
			dependencies = (
				6943985121F56B9200C92FA2 /* PBXTargetDependency */,
			);
			name = AudioPlayerTests;
			productName = AudioPlayerTests;
			productReference = 6943984F21F56B9200C92FA2 /* AudioPlayerTests.xctest */;
			productType = "com.apple.product-type.bundle.unit-test";
		};
		6943985921F56B9200C92FA2 /* AudioPlayerUITests */ = {
			isa = PBXNativeTarget;
			buildConfigurationList = 6943986921F56B9200C92FA2 /* Build configuration list for PBXNativeTarget "AudioPlayerUITests" */;
			buildPhases = (
				6943985621F56B9200C92FA2 /* Sources */,
				6943985721F56B9200C92FA2 /* Frameworks */,
				6943985821F56B9200C92FA2 /* Resources */,
			);
			buildRules = (
			);
			dependencies = (
				6943985C21F56B9200C92FA2 /* PBXTargetDependency */,
			);
			name = AudioPlayerUITests;
			productName = AudioPlayerUITests;
			productReference = 6943985A21F56B9200C92FA2 /* AudioPlayerUITests.xctest */;
			productType = "com.apple.product-type.bundle.ui-testing";
		};
/* End PBXNativeTarget section */

/* Begin PBXProject section */
		6943983321F56B9100C92FA2 /* Project object */ = {
			isa = PBXProject;
			attributes = {
				LastSwiftUpdateCheck = 1010;
				LastUpgradeCheck = 1010;
				ORGANIZATIONNAME = masato;
				TargetAttributes = {
					6943983A21F56B9100C92FA2 = {
						CreatedOnToolsVersion = 10.1;
					};
					6943984E21F56B9200C92FA2 = {
						CreatedOnToolsVersion = 10.1;
						TestTargetID = 6943983A21F56B9100C92FA2;
					};
					6943985921F56B9200C92FA2 = {
						CreatedOnToolsVersion = 10.1;
						TestTargetID = 6943983A21F56B9100C92FA2;
					};
				};
			};
			buildConfigurationList = 6943983621F56B9100C92FA2 /* Build configuration list for PBXProject "AudioPlayer" */;
			compatibilityVersion = "Xcode 9.3";
			developmentRegion = en;
			hasScannedForEncodings = 0;
			knownRegions = (
				en,
				Base,
			);
			mainGroup = 6943983221F56B9100C92FA2;
			productRefGroup = 6943983C21F56B9100C92FA2 /* Products */;
			projectDirPath = "";
			projectRoot = "";
			targets = (
				6943983A21F56B9100C92FA2 /* AudioPlayer */,
				6943984E21F56B9200C92FA2 /* AudioPlayerTests */,
				6943985921F56B9200C92FA2 /* AudioPlayerUITests */,
			);
		};
/* End PBXProject section */

/* Begin PBXResourcesBuildPhase section */
		6943983921F56B9100C92FA2 /* Resources */ = {
			isa = PBXResourcesBuildPhase;
			buildActionMask = 2147483647;
			files = (
				6943984921F56B9200C92FA2 /* LaunchScreen.storyboard in Resources */,
				6943984621F56B9200C92FA2 /* Assets.xcassets in Resources */,
				6943984421F56B9100C92FA2 /* Main.storyboard in Resources */,
			);
			runOnlyForDeploymentPostprocessing = 0;
		};
		6943984D21F56B9200C92FA2 /* Resources */ = {
			isa = PBXResourcesBuildPhase;
			buildActionMask = 2147483647;
			files = (
			);
			runOnlyForDeploymentPostprocessing = 0;
		};
		6943985821F56B9200C92FA2 /* Resources */ = {
			isa = PBXResourcesBuildPhase;
			buildActionMask = 2147483647;
			files = (
			);
			runOnlyForDeploymentPostprocessing = 0;
		};
/* End PBXResourcesBuildPhase section */

/* Begin PBXSourcesBuildPhase section */
		6943983721F56B9100C92FA2 /* Sources */ = {
			isa = PBXSourcesBuildPhase;
			buildActionMask = 2147483647;
			files = (
				6943984121F56B9100C92FA2 /* ViewController.swift in Sources */,
				6943983F21F56B9100C92FA2 /* AppDelegate.swift in Sources */,
			);
			runOnlyForDeploymentPostprocessing = 0;
		};
		6943984B21F56B9200C92FA2 /* Sources */ = {
			isa = PBXSourcesBuildPhase;
			buildActionMask = 2147483647;
			files = (
				6943985421F56B9200C92FA2 /* AudioPlayerTests.swift in Sources */,
			);
			runOnlyForDeploymentPostprocessing = 0;
		};
		6943985621F56B9200C92FA2 /* Sources */ = {
			isa = PBXSourcesBuildPhase;
			buildActionMask = 2147483647;
			files = (
				6943985F21F56B9200C92FA2 /* AudioPlayerUITests.swift in Sources */,
			);
			runOnlyForDeploymentPostprocessing = 0;
		};
/* End PBXSourcesBuildPhase section */

/* Begin PBXTargetDependency section */
		6943985121F56B9200C92FA2 /* PBXTargetDependency */ = {
			isa = PBXTargetDependency;
			target = 6943983A21F56B9100C92FA2 /* AudioPlayer */;
			targetProxy = 6943985021F56B9200C92FA2 /* PBXContainerItemProxy */;
		};
		6943985C21F56B9200C92FA2 /* PBXTargetDependency */ = {
			isa = PBXTargetDependency;
			target = 6943983A21F56B9100C92FA2 /* AudioPlayer */;
			targetProxy = 6943985B21F56B9200C92FA2 /* PBXContainerItemProxy */;
		};
/* End PBXTargetDependency section */

/* Begin PBXVariantGroup section */
		6943984221F56B9100C92FA2 /* Main.storyboard */ = {
			isa = PBXVariantGroup;
			children = (
				6943984321F56B9100C92FA2 /* Base */,
			);
			name = Main.storyboard;
			sourceTree = "<group>";
		};
		6943984721F56B9200C92FA2 /* LaunchScreen.storyboard */ = {
			isa = PBXVariantGroup;
			children = (
				6943984821F56B9200C92FA2 /* Base */,
			);
			name = LaunchScreen.storyboard;
			sourceTree = "<group>";
		};
/* End PBXVariantGroup section */

/* Begin XCBuildConfiguration section */
		6943986121F56B9200C92FA2 /* Debug */ = {
			isa = XCBuildConfiguration;
			buildSettings = {
				ALWAYS_SEARCH_USER_PATHS = NO;
				CLANG_ANALYZER_NONNULL = YES;
				CLANG_ANALYZER_NUMBER_OBJECT_CONVERSION = YES_AGGRESSIVE;
				CLANG_CXX_LANGUAGE_STANDARD = "gnu++14";
				CLANG_CXX_LIBRARY = "libc++";
				CLANG_ENABLE_MODULES = YES;
				CLANG_ENABLE_OBJC_ARC = YES;
				CLANG_ENABLE_OBJC_WEAK = YES;
				CLANG_WARN_BLOCK_CAPTURE_AUTORELEASING = YES;
				CLANG_WARN_BOOL_CONVERSION = YES;
				CLANG_WARN_COMMA = YES;
				CLANG_WARN_CONSTANT_CONVERSION = YES;
				CLANG_WARN_DEPRECATED_OBJC_IMPLEMENTATIONS = YES;
				CLANG_WARN_DIRECT_OBJC_ISA_USAGE = YES_ERROR;
				CLANG_WARN_DOCUMENTATION_COMMENTS = YES;
				CLANG_WARN_EMPTY_BODY = YES;
				CLANG_WARN_ENUM_CONVERSION = YES;
				CLANG_WARN_INFINITE_RECURSION = YES;
				CLANG_WARN_INT_CONVERSION = YES;
				CLANG_WARN_NON_LITERAL_NULL_CONVERSION = YES;
				CLANG_WARN_OBJC_IMPLICIT_RETAIN_SELF = YES;
				CLANG_WARN_OBJC_LITERAL_CONVERSION = YES;
				CLANG_WARN_OBJC_ROOT_CLASS = YES_ERROR;
				CLANG_WARN_RANGE_LOOP_ANALYSIS = YES;
				CLANG_WARN_STRICT_PROTOTYPES = YES;
				CLANG_WARN_SUSPICIOUS_MOVE = YES;
				CLANG_WARN_UNGUARDED_AVAILABILITY = YES_AGGRESSIVE;
				CLANG_WARN_UNREACHABLE_CODE = YES;
				CLANG_WARN__DUPLICATE_METHOD_MATCH = YES;
				CODE_SIGN_IDENTITY = "iPhone Developer";
				COPY_PHASE_STRIP = NO;
				DEBUG_INFORMATION_FORMAT = dwarf;
				ENABLE_STRICT_OBJC_MSGSEND = YES;
				ENABLE_TESTABILITY = YES;
				GCC_C_LANGUAGE_STANDARD = gnu11;
				GCC_DYNAMIC_NO_PIC = NO;
				GCC_NO_COMMON_BLOCKS = YES;
				GCC_OPTIMIZATION_LEVEL = 0;
				GCC_PREPROCESSOR_DEFINITIONS = (
					"DEBUG=1",
					"$(inherited)",
				);
				GCC_WARN_64_TO_32_BIT_CONVERSION = YES;
				GCC_WARN_ABOUT_RETURN_TYPE = YES_ERROR;
				GCC_WARN_UNDECLARED_SELECTOR = YES;
				GCC_WARN_UNINITIALIZED_AUTOS = YES_AGGRESSIVE;
				GCC_WARN_UNUSED_FUNCTION = YES;
				GCC_WARN_UNUSED_VARIABLE = YES;
				IPHONEOS_DEPLOYMENT_TARGET = 12.1;
				MTL_ENABLE_DEBUG_INFO = INCLUDE_SOURCE;
				MTL_FAST_MATH = YES;
				ONLY_ACTIVE_ARCH = YES;
				SDKROOT = iphoneos;
				SWIFT_ACTIVE_COMPILATION_CONDITIONS = DEBUG;
				SWIFT_OPTIMIZATION_LEVEL = "-Onone";
			};
			name = Debug;
		};
		6943986221F56B9200C92FA2 /* Release */ = {
			isa = XCBuildConfiguration;
			buildSettings = {
				ALWAYS_SEARCH_USER_PATHS = NO;
				CLANG_ANALYZER_NONNULL = YES;
				CLANG_ANALYZER_NUMBER_OBJECT_CONVERSION = YES_AGGRESSIVE;
				CLANG_CXX_LANGUAGE_STANDARD = "gnu++14";
				CLANG_CXX_LIBRARY = "libc++";
				CLANG_ENABLE_MODULES = YES;
				CLANG_ENABLE_OBJC_ARC = YES;
				CLANG_ENABLE_OBJC_WEAK = YES;
				CLANG_WARN_BLOCK_CAPTURE_AUTORELEASING = YES;
				CLANG_WARN_BOOL_CONVERSION = YES;
				CLANG_WARN_COMMA = YES;
				CLANG_WARN_CONSTANT_CONVERSION = YES;
				CLANG_WARN_DEPRECATED_OBJC_IMPLEMENTATIONS = YES;
				CLANG_WARN_DIRECT_OBJC_ISA_USAGE = YES_ERROR;
				CLANG_WARN_DOCUMENTATION_COMMENTS = YES;
				CLANG_WARN_EMPTY_BODY = YES;
				CLANG_WARN_ENUM_CONVERSION = YES;
				CLANG_WARN_INFINITE_RECURSION = YES;
				CLANG_WARN_INT_CONVERSION = YES;
				CLANG_WARN_NON_LITERAL_NULL_CONVERSION = YES;
				CLANG_WARN_OBJC_IMPLICIT_RETAIN_SELF = YES;
				CLANG_WARN_OBJC_LITERAL_CONVERSION = YES;
				CLANG_WARN_OBJC_ROOT_CLASS = YES_ERROR;
				CLANG_WARN_RANGE_LOOP_ANALYSIS = YES;
				CLANG_WARN_STRICT_PROTOTYPES = YES;
				CLANG_WARN_SUSPICIOUS_MOVE = YES;
				CLANG_WARN_UNGUARDED_AVAILABILITY = YES_AGGRESSIVE;
				CLANG_WARN_UNREACHABLE_CODE = YES;
				CLANG_WARN__DUPLICATE_METHOD_MATCH = YES;
				CODE_SIGN_IDENTITY = "iPhone Developer";
				COPY_PHASE_STRIP = NO;
				DEBUG_INFORMATION_FORMAT = "dwarf-with-dsym";
				ENABLE_NS_ASSERTIONS = NO;
				ENABLE_STRICT_OBJC_MSGSEND = YES;
				GCC_C_LANGUAGE_STANDARD = gnu11;
				GCC_NO_COMMON_BLOCKS = YES;
				GCC_WARN_64_TO_32_BIT_CONVERSION = YES;
				GCC_WARN_ABOUT_RETURN_TYPE = YES_ERROR;
				GCC_WARN_UNDECLARED_SELECTOR = YES;
				GCC_WARN_UNINITIALIZED_AUTOS = YES_AGGRESSIVE;
				GCC_WARN_UNUSED_FUNCTION = YES;
				GCC_WARN_UNUSED_VARIABLE = YES;
				IPHONEOS_DEPLOYMENT_TARGET = 12.1;
				MTL_ENABLE_DEBUG_INFO = NO;
				MTL_FAST_MATH = YES;
				SDKROOT = iphoneos;
				SWIFT_COMPILATION_MODE = wholemodule;
				SWIFT_OPTIMIZATION_LEVEL = "-O";
				VALIDATE_PRODUCT = YES;
			};
			name = Release;
		};
		6943986421F56B9200C92FA2 /* Debug */ = {
			isa = XCBuildConfiguration;
			buildSettings = {
				ASSETCATALOG_COMPILER_APPICON_NAME = AppIcon;
				CODE_SIGN_STYLE = Automatic;
				DEVELOPMENT_TEAM = K5T37M7ZUW;
				INFOPLIST_FILE = AudioPlayer/Info.plist;
				LD_RUNPATH_SEARCH_PATHS = (
					"$(inherited)",
					"@executable_path/Frameworks",
				);
				PRODUCT_BUNDLE_IDENTIFIER = "-gigmustor-medium.com-.AudioPlayer";
				PRODUCT_NAME = "$(TARGET_NAME)";
				SWIFT_VERSION = 4.2;
				TARGETED_DEVICE_FAMILY = "1,2";
			};
			name = Debug;
		};
		6943986521F56B9200C92FA2 /* Release */ = {
			isa = XCBuildConfiguration;
			buildSettings = {
				ASSETCATALOG_COMPILER_APPICON_NAME = AppIcon;
				CODE_SIGN_STYLE = Automatic;
				DEVELOPMENT_TEAM = K5T37M7ZUW;
				INFOPLIST_FILE = AudioPlayer/Info.plist;
				LD_RUNPATH_SEARCH_PATHS = (
					"$(inherited)",
					"@executable_path/Frameworks",
				);
				PRODUCT_BUNDLE_IDENTIFIER = "-gigmustor-medium.com-.AudioPlayer";
				PRODUCT_NAME = "$(TARGET_NAME)";
				SWIFT_VERSION = 4.2;
				TARGETED_DEVICE_FAMILY = "1,2";
			};
			name = Release;
		};
		6943986721F56B9200C92FA2 /* Debug */ = {
			isa = XCBuildConfiguration;
			buildSettings = {
				ALWAYS_EMBED_SWIFT_STANDARD_LIBRARIES = YES;
				BUNDLE_LOADER = "$(TEST_HOST)";
				CODE_SIGN_STYLE = Automatic;
				DEVELOPMENT_TEAM = K5T37M7ZUW;
				INFOPLIST_FILE = AudioPlayerTests/Info.plist;
				LD_RUNPATH_SEARCH_PATHS = (
					"$(inherited)",
					"@executable_path/Frameworks",
					"@loader_path/Frameworks",
				);
				PRODUCT_BUNDLE_IDENTIFIER = "-gigmustor-medium.com-.AudioPlayerTests";
				PRODUCT_NAME = "$(TARGET_NAME)";
				SWIFT_VERSION = 4.2;
				TARGETED_DEVICE_FAMILY = "1,2";
				TEST_HOST = "$(BUILT_PRODUCTS_DIR)/AudioPlayer.app/AudioPlayer";
			};
			name = Debug;
		};
		6943986821F56B9200C92FA2 /* Release */ = {
			isa = XCBuildConfiguration;
			buildSettings = {
				ALWAYS_EMBED_SWIFT_STANDARD_LIBRARIES = YES;
				BUNDLE_LOADER = "$(TEST_HOST)";
				CODE_SIGN_STYLE = Automatic;
				DEVELOPMENT_TEAM = K5T37M7ZUW;
				INFOPLIST_FILE = AudioPlayerTests/Info.plist;
				LD_RUNPATH_SEARCH_PATHS = (
					"$(inherited)",
					"@executable_path/Frameworks",
					"@loader_path/Frameworks",
				);
				PRODUCT_BUNDLE_IDENTIFIER = "-gigmustor-medium.com-.AudioPlayerTests";
				PRODUCT_NAME = "$(TARGET_NAME)";
				SWIFT_VERSION = 4.2;
				TARGETED_DEVICE_FAMILY = "1,2";
				TEST_HOST = "$(BUILT_PRODUCTS_DIR)/AudioPlayer.app/AudioPlayer";
			};
			name = Release;
		};
		6943986A21F56B9200C92FA2 /* Debug */ = {
			isa = XCBuildConfiguration;
			buildSettings = {
				ALWAYS_EMBED_SWIFT_STANDARD_LIBRARIES = YES;
				CODE_SIGN_STYLE = Automatic;
				DEVELOPMENT_TEAM = K5T37M7ZUW;
				INFOPLIST_FILE = AudioPlayerUITests/Info.plist;
				LD_RUNPATH_SEARCH_PATHS = (
					"$(inherited)",
					"@executable_path/Frameworks",
					"@loader_path/Frameworks",
				);
				PRODUCT_BUNDLE_IDENTIFIER = "-gigmustor-medium.com-.AudioPlayerUITests";
				PRODUCT_NAME = "$(TARGET_NAME)";
				SWIFT_VERSION = 4.2;
				TARGETED_DEVICE_FAMILY = "1,2";
				TEST_TARGET_NAME = AudioPlayer;
			};
			name = Debug;
		};
		6943986B21F56B9200C92FA2 /* Release */ = {
			isa = XCBuildConfiguration;
			buildSettings = {
				ALWAYS_EMBED_SWIFT_STANDARD_LIBRARIES = YES;
				CODE_SIGN_STYLE = Automatic;
				DEVELOPMENT_TEAM = K5T37M7ZUW;
				INFOPLIST_FILE = AudioPlayerUITests/Info.plist;
				LD_RUNPATH_SEARCH_PATHS = (
					"$(inherited)",
					"@executable_path/Frameworks",
					"@loader_path/Frameworks",
				);
				PRODUCT_BUNDLE_IDENTIFIER = "-gigmustor-medium.com-.AudioPlayerUITests";
				PRODUCT_NAME = "$(TARGET_NAME)";
				SWIFT_VERSION = 4.2;
				TARGETED_DEVICE_FAMILY = "1,2";
				TEST_TARGET_NAME = AudioPlayer;
			};
			name = Release;
		};
/* End XCBuildConfiguration section */

/* Begin XCConfigurationList section */
		6943983621F56B9100C92FA2 /* Build configuration list for PBXProject "AudioPlayer" */ = {
			isa = XCConfigurationList;
			buildConfigurations = (
				6943986121F56B9200C92FA2 /* Debug */,
				6943986221F56B9200C92FA2 /* Release */,
			);
			defaultConfigurationIsVisible = 0;
			defaultConfigurationName = Release;
		};
		6943986321F56B9200C92FA2 /* Build configuration list for PBXNativeTarget "AudioPlayer" */ = {
			isa = XCConfigurationList;
			buildConfigurations = (
				6943986421F56B9200C92FA2 /* Debug */,
				6943986521F56B9200C92FA2 /* Release */,
			);
			defaultConfigurationIsVisible = 0;
			defaultConfigurationName = Release;
		};
		6943986621F56B9200C92FA2 /* Build configuration list for PBXNativeTarget "AudioPlayerTests" */ = {
			isa = XCConfigurationList;
			buildConfigurations = (
				6943986721F56B9200C92FA2 /* Debug */,
				6943986821F56B9200C92FA2 /* Release */,
			);
			defaultConfigurationIsVisible = 0;
			defaultConfigurationName = Release;
		};
		6943986921F56B9200C92FA2 /* Build configuration list for PBXNativeTarget "AudioPlayerUITests" */ = {
			isa = XCConfigurationList;
			buildConfigurations = (
				6943986A21F56B9200C92FA2 /* Debug */,
				6943986B21F56B9200C92FA2 /* Release */,
			);
			defaultConfigurationIsVisible = 0;
			defaultConfigurationName = Release;
		};
/* End XCConfigurationList section */
	};
	rootObject = 6943983321F56B9100C92FA2 /* Project object */;
}
